
Microsoft Visual Studio Solution File, Format Version 12.00
# Visual Studio Version 17
VisualStudioVersion = 17.2.32630.192
MinimumVisualStudioVersion = 10.0.40219.1
Project("{2150E333-8FDC-42A3-9474-1A3956D46DE8}") = "Assets", "Assets", "{1E26A54C-9EFC-43F9-9E5E-09256403F505}"
	ProjectSection(SolutionItems) = preProject
		Assets\Logo.ico = Assets\Logo.ico
		Assets\Logo.png = Assets\Logo.png
	EndProjectSection
EndProject
Project("{9A19103F-16F7-4668-BE54-9A1E7A4F7556}") = "StarComputer.Client.Abstractions.Protocol", "StarComputer.Client.Abstractions.Protocol\StarComputer.Client.Abstractions.Protocol.csproj", "{0E80E11D-00EA-4BC1-AE14-D0B285C9587F}"
EndProject
Project("{FAE04EC0-301F-11D3-BF4B-00C04F79EFBC}") = "StarComputer.Client.Abstractions.Plugin", "StarComputer.Client.Abstractions.Plugin\StarComputer.Client.Abstractions.Plugin.csproj", "{E33D705A-0EA3-4A34-BF15-82B049B51B38}"
EndProject
Global
	GlobalSection(SolutionConfigurationPlatforms) = preSolution
		Debug|Any CPU = Debug|Any CPU
		Release|Any CPU = Release|Any CPU
	EndGlobalSection
	GlobalSection(ProjectConfigurationPlatforms) = postSolution
		{0E80E11D-00EA-4BC1-AE14-D0B285C9587F}.Debug|Any CPU.ActiveCfg = Debug|Any CPU
		{0E80E11D-00EA-4BC1-AE14-D0B285C9587F}.Debug|Any CPU.Build.0 = Debug|Any CPU
		{0E80E11D-00EA-4BC1-AE14-D0B285C9587F}.Release|Any CPU.ActiveCfg = Release|Any CPU
		{0E80E11D-00EA-4BC1-AE14-D0B285C9587F}.Release|Any CPU.Build.0 = Release|Any CPU
		{E33D705A-0EA3-4A34-BF15-82B049B51B38}.Debug|Any CPU.ActiveCfg = Debug|Any CPU
		{E33D705A-0EA3-4A34-BF15-82B049B51B38}.Debug|Any CPU.Build.0 = Debug|Any CPU
		{E33D705A-0EA3-4A34-BF15-82B049B51B38}.Release|Any CPU.ActiveCfg = Release|Any CPU
		{E33D705A-0EA3-4A34-BF15-82B049B51B38}.Release|Any CPU.Build.0 = Release|Any CPU
	EndGlobalSection
	GlobalSection(SolutionProperties) = preSolution
		HideSolutionNode = FALSE
	EndGlobalSection
	GlobalSection(ExtensibilityGlobals) = postSolution
		SolutionGuid = {92D37F8B-7FA9-489B-9CCF-C28C2685EAD3}
	EndGlobalSection
EndGlobal
